%{"bunt": {:hex, :bunt, "0.2.0", "951c6e801e8b1d2cbe58ebbd3e616a869061ddadcc4863d0a2182541acae9a38", [], [], "hexpm"},
  "cortex": {:hex, :cortex, "0.2.0", "014fcc76553508417c97203a6c1770adb36ae6446330ee05169869b5cd290cd7", [], [{:exfswatch, "~> 0.4", [hex: :exfswatch, repo: "hexpm", optional: false]}], "hexpm"},
  "credo": {:hex, :credo, "0.8.4", "4e50acac058cf6292d6066e5b0d03da5e1483702e1ccde39abba385c9f03ead4", [], [{:bunt, "~> 0.2.0", [hex: :bunt, repo: "hexpm", optional: false]}], "hexpm"},
  "exfswatch": {:hex, :exfswatch, "0.4.2", "d88a63b5c2f8f040230d22010588ff73286fd1aef32564115afa3051eaa4391d", [], [], "hexpm"}}
